{
  "name": "base",
  "version": "1.0.0",
  "lockfileVersion": 1,
  "requires": true,
  "dependencies": {
    "typesafe-api-endpoints": {
      "version": "1.9.2",
      "resolved": "https://registry.npmjs.org/typesafe-api-endpoints/-/typesafe-api-endpoints-1.9.2.tgz",
      "integrity": "sha512-gwX6EQc3f+v7iCA3+we+SbBZVcEKiDyk4oAfFN5/+poyLpXZJ+BuVxdCvx1/1FRpWHzBEVskSkxBVcfLte6zLw=="
    }
  }
}
